// !$*UTF8*$!
{
	archiveVersion = 1;
	classes = {
	};
	objectVersion = 46;
	objects = {

/* Begin PBXBuildFile section */
		BAE222DA1E56F0A9001E0A62 /* AppDelegate.swift in Sources */ = {isa = PBXBuildFile; fileRef = BAE222D91E56F0A9001E0A62 /* AppDelegate.swift */; };
		BAE222DC1E56F0A9001E0A62 /* ViewController.swift in Sources */ = {isa = PBXBuildFile; fileRef = BAE222DB1E56F0A9001E0A62 /* ViewController.swift */; };
		BAE222DF1E56F0A9001E0A62 /* Main.storyboard in Resources */ = {isa = PBXBuildFile; fileRef = BAE222DD1E56F0A9001E0A62 /* Main.storyboard */; };
		BAE222E11E56F0A9001E0A62 /* Assets.xcassets in Resources */ = {isa = PBXBuildFile; fileRef = BAE222E01E56F0A9001E0A62 /* Assets.xcassets */; };
		BAE222E41E56F0A9001E0A62 /* LaunchScreen.storyboard in Resources */ = {isa = PBXBuildFile; fileRef = BAE222E21E56F0A9001E0A62 /* LaunchScreen.storyboard */; };
		BAE222EF1E56F0A9001E0A62 /* test1Tests.swift in Sources */ = {isa = PBXBuildFile; fileRef = BAE222EE1E56F0A9001E0A62 /* test1Tests.swift */; };
		BAE222FA1E56F0A9001E0A62 /* test1UITests.swift in Sources */ = {isa = PBXBuildFile; fileRef = BAE222F91E56F0A9001E0A62 /* test1UITests.swift */; };
/* End PBXBuildFile section */

/* Begin PBXContainerItemProxy section */
		BAE222EB1E56F0A9001E0A62 /* PBXContainerItemProxy */ = {
			isa = PBXContainerItemProxy;
			containerPortal = BAE222CE1E56F0A9001E0A62 /* Project object */;
			proxyType = 1;
			remoteGlobalIDString = BAE222D51E56F0A9001E0A62;
			remoteInfo = test1;
		};
		BAE222F61E56F0A9001E0A62 /* PBXContainerItemProxy */ = {
			isa = PBXContainerItemProxy;
			containerPortal = BAE222CE1E56F0A9001E0A62 /* Project object */;
			proxyType = 1;
			remoteGlobalIDString = BAE222D51E56F0A9001E0A62;
			remoteInfo = test1;
		};
/* End PBXContainerItemProxy section */

/* Begin PBXFileReference section */
		BAE222D61E56F0A9001E0A62 /* test1.app */ = {isa = PBXFileReference; explicitFileType = wrapper.application; includeInIndex = 0; path = test1.app; sourceTree = BUILT_PRODUCTS_DIR; };
		BAE222D91E56F0A9001E0A62 /* AppDelegate.swift */ = {isa = PBXFileReference; lastKnownFileType = sourcecode.swift; path = AppDelegate.swift; sourceTree = "<group>"; };
		BAE222DB1E56F0A9001E0A62 /* ViewController.swift */ = {isa = PBXFileReference; lastKnownFileType = sourcecode.swift; path = ViewController.swift; sourceTree = "<group>"; };
		BAE222DE1E56F0A9001E0A62 /* Base */ = {isa = PBXFileReference; lastKnownFileType = file.storyboard; name = Base; path = Base.lproj/Main.storyboard; sourceTree = "<group>"; };
		BAE222E01E56F0A9001E0A62 /* Assets.xcassets */ = {isa = PBXFileReference; lastKnownFileType = folder.assetcatalog; path = Assets.xcassets; sourceTree = "<group>"; };
		BAE222E31E56F0A9001E0A62 /* Base */ = {isa = PBXFileReference; lastKnownFileType = file.storyboard; name = Base; path = Base.lproj/LaunchScreen.storyboard; sourceTree = "<group>"; };
		BAE222E51E56F0A9001E0A62 /* Info.plist */ = {isa = PBXFileReference; lastKnownFileType = text.plist.xml; path = Info.plist; sourceTree = "<group>"; };
		BAE222EA1E56F0A9001E0A62 /* test1Tests.xctest */ = {isa = PBXFileReference; explicitFileType = wrapper.cfbundle; includeInIndex = 0; path = test1Tests.xctest; sourceTree = BUILT_PRODUCTS_DIR; };
		BAE222EE1E56F0A9001E0A62 /* test1Tests.swift */ = {isa = PBXFileReference; lastKnownFileType = sourcecode.swift; path = test1Tests.swift; sourceTree = "<group>"; };
		BAE222F01E56F0A9001E0A62 /* Info.plist */ = {isa = PBXFileReference; lastKnownFileType = text.plist.xml; path = Info.plist; sourceTree = "<group>"; };
		BAE222F51E56F0A9001E0A62 /* test1UITests.xctest */ = {isa = PBXFileReference; explicitFileType = wrapper.cfbundle; includeInIndex = 0; path = test1UITests.xctest; sourceTree = BUILT_PRODUCTS_DIR; };
		BAE222F91E56F0A9001E0A62 /* test1UITests.swift */ = {isa = PBXFileReference; lastKnownFileType = sourcecode.swift; path = test1UITests.swift; sourceTree = "<group>"; };
		BAE222FB1E56F0A9001E0A62 /* Info.plist */ = {isa = PBXFileReference; lastKnownFileType = text.plist.xml; path = Info.plist; sourceTree = "<group>"; };
/* End PBXFileReference section */

/* Begin PBXFrameworksBuildPhase section */
		BAE222D31E56F0A9001E0A62 /* Frameworks */ = {
			isa = PBXFrameworksBuildPhase;
			buildActionMask = 2147483647;
			files = (
			);
			runOnlyForDeploymentPostprocessing = 0;
		};
		BAE222E71E56F0A9001E0A62 /* Frameworks */ = {
			isa = PBXFrameworksBuildPhase;
			buildActionMask = 2147483647;
			files = (
			);
			runOnlyForDeploymentPostprocessing = 0;
		};
		BAE222F21E56F0A9001E0A62 /* Frameworks */ = {
			isa = PBXFrameworksBuildPhase;
			buildActionMask = 2147483647;
			files = (
			);
			runOnlyForDeploymentPostprocessing = 0;
		};
/* End PBXFrameworksBuildPhase section */

/* Begin PBXGroup section */
		BAE222CD1E56F0A9001E0A62 = {
			isa = PBXGroup;
			children = (
				BAE222D81E56F0A9001E0A62 /* test1 */,
				BAE222ED1E56F0A9001E0A62 /* test1Tests */,
				BAE222F81E56F0A9001E0A62 /* test1UITests */,
				BAE222D71E56F0A9001E0A62 /* Products */,
			);
			sourceTree = "<group>";
		};
		BAE222D71E56F0A9001E0A62 /* Products */ = {
			isa = PBXGroup;
			children = (
				BAE222D61E56F0A9001E0A62 /* test1.app */,
				BAE222EA1E56F0A9001E0A62 /* test1Tests.xctest */,
				BAE222F51E56F0A9001E0A62 /* test1UITests.xctest */,
			);
			name = Products;
			sourceTree = "<group>";
		};
		BAE222D81E56F0A9001E0A62 /* test1 */ = {
			isa = PBXGroup;
			children = (
				BAE222D91E56F0A9001E0A62 /* AppDelegate.swift */,
				BAE222DB1E56F0A9001E0A62 /* ViewController.swift */,
				BAE222DD1E56F0A9001E0A62 /* Main.storyboard */,
				BAE222E01E56F0A9001E0A62 /* Assets.xcassets */,
				BAE222E21E56F0A9001E0A62 /* LaunchScreen.storyboard */,
				BAE222E51E56F0A9001E0A62 /* Info.plist */,
			);
			path = test1;
			sourceTree = "<group>";
		};
		BAE222ED1E56F0A9001E0A62 /* test1Tests */ = {
			isa = PBXGroup;
			children = (
				BAE222EE1E56F0A9001E0A62 /* test1Tests.swift */,
				BAE222F01E56F0A9001E0A62 /* Info.plist */,
			);
			path = test1Tests;
			sourceTree = "<group>";
		};
		BAE222F81E56F0A9001E0A62 /* test1UITests */ = {
			isa = PBXGroup;
			children = (
				BAE222F91E56F0A9001E0A62 /* test1UITests.swift */,
				BAE222FB1E56F0A9001E0A62 /* Info.plist */,
			);
			path = test1UITests;
			sourceTree = "<group>";
		};
/* End PBXGroup section */

/* Begin PBXNativeTarget section */
		BAE222D51E56F0A9001E0A62 /* test1 */ = {
			isa = PBXNativeTarget;
			buildConfigurationList = BAE222FE1E56F0A9001E0A62 /* Build configuration list for PBXNativeTarget "test1" */;
			buildPhases = (
				BAE222D21E56F0A9001E0A62 /* Sources */,
				BAE222D31E56F0A9001E0A62 /* Frameworks */,
				BAE222D41E56F0A9001E0A62 /* Resources */,
			);
			buildRules = (
			);
			dependencies = (
			);
			name = test1;
			productName = test1;
			productReference = BAE222D61E56F0A9001E0A62 /* test1.app */;
			productType = "com.apple.product-type.application";
		};
		BAE222E91E56F0A9001E0A62 /* test1Tests */ = {
			isa = PBXNativeTarget;
			buildConfigurationList = BAE223011E56F0A9001E0A62 /* Build configuration list for PBXNativeTarget "test1Tests" */;
			buildPhases = (
				BAE222E61E56F0A9001E0A62 /* Sources */,
				BAE222E71E56F0A9001E0A62 /* Frameworks */,
				BAE222E81E56F0A9001E0A62 /* Resources */,
			);
			buildRules = (
			);
			dependencies = (
				BAE222EC1E56F0A9001E0A62 /* PBXTargetDependency */,
			);
			name = test1Tests;
			productName = test1Tests;
			productReference = BAE222EA1E56F0A9001E0A62 /* test1Tests.xctest */;
			productType = "com.apple.product-type.bundle.unit-test";
		};
		BAE222F41E56F0A9001E0A62 /* test1UITests */ = {
			isa = PBXNativeTarget;
			buildConfigurationList = BAE223041E56F0A9001E0A62 /* Build configuration list for PBXNativeTarget "test1UITests" */;
			buildPhases = (
				BAE222F11E56F0A9001E0A62 /* Sources */,
				BAE222F21E56F0A9001E0A62 /* Frameworks */,
				BAE222F31E56F0A9001E0A62 /* Resources */,
			);
			buildRules = (
			);
			dependencies = (
				BAE222F71E56F0A9001E0A62 /* PBXTargetDependency */,
			);
			name = test1UITests;
			productName = test1UITests;
			productReference = BAE222F51E56F0A9001E0A62 /* test1UITests.xctest */;
			productType = "com.apple.product-type.bundle.ui-testing";
		};
/* End PBXNativeTarget section */

/* Begin PBXProject section */
		BAE222CE1E56F0A9001E0A62 /* Project object */ = {
			isa = PBXProject;
			attributes = {
				LastSwiftUpdateCheck = 0820;
				LastUpgradeCheck = 0820;
				ORGANIZATIONNAME = panda;
				TargetAttributes = {
					BAE222D51E56F0A9001E0A62 = {
						CreatedOnToolsVersion = 8.2.1;
						ProvisioningStyle = Automatic;
					};
					BAE222E91E56F0A9001E0A62 = {
						CreatedOnToolsVersion = 8.2.1;
						ProvisioningStyle = Automatic;
						TestTargetID = BAE222D51E56F0A9001E0A62;
					};
					BAE222F41E56F0A9001E0A62 = {
						CreatedOnToolsVersion = 8.2.1;
						ProvisioningStyle = Automatic;
						TestTargetID = BAE222D51E56F0A9001E0A62;
					};
				};
			};
			buildConfigurationList = BAE222D11E56F0A9001E0A62 /* Build configuration list for PBXProject "test1" */;
			compatibilityVersion = "Xcode 3.2";
			developmentRegion = English;
			hasScannedForEncodings = 0;
			knownRegions = (
				en,
				Base,
			);
			mainGroup = BAE222CD1E56F0A9001E0A62;
			productRefGroup = BAE222D71E56F0A9001E0A62 /* Products */;
			projectDirPath = "";
			projectRoot = "";
			targets = (
				BAE222D51E56F0A9001E0A62 /* test1 */,
				BAE222E91E56F0A9001E0A62 /* test1Tests */,
				BAE222F41E56F0A9001E0A62 /* test1UITests */,
			);
		};
/* End PBXProject section */

/* Begin PBXResourcesBuildPhase section */
		BAE222D41E56F0A9001E0A62 /* Resources */ = {
			isa = PBXResourcesBuildPhase;
			buildActionMask = 2147483647;
			files = (
				BAE222E41E56F0A9001E0A62 /* LaunchScreen.storyboard in Resources */,
				BAE222E11E56F0A9001E0A62 /* Assets.xcassets in Resources */,
				BAE222DF1E56F0A9001E0A62 /* Main.storyboard in Resources */,
			);
			runOnlyForDeploymentPostprocessing = 0;
		};
		BAE222E81E56F0A9001E0A62 /* Resources */ = {
			isa = PBXResourcesBuildPhase;
			buildActionMask = 2147483647;
			files = (
			);
			runOnlyForDeploymentPostprocessing = 0;
		};
		BAE222F31E56F0A9001E0A62 /* Resources */ = {
			isa = PBXResourcesBuildPhase;
			buildActionMask = 2147483647;
			files = (
			);
			runOnlyForDeploymentPostprocessing = 0;
		};
/* End PBXResourcesBuildPhase section */

/* Begin PBXSourcesBuildPhase section */
		BAE222D21E56F0A9001E0A62 /* Sources */ = {
			isa = PBXSourcesBuildPhase;
			buildActionMask = 2147483647;
			files = (
				BAE222DC1E56F0A9001E0A62 /* ViewController.swift in Sources */,
				BAE222DA1E56F0A9001E0A62 /* AppDelegate.swift in Sources */,
			);
			runOnlyForDeploymentPostprocessing = 0;
		};
		BAE222E61E56F0A9001E0A62 /* Sources */ = {
			isa = PBXSourcesBuildPhase;
			buildActionMask = 2147483647;
			files = (
				BAE222EF1E56F0A9001E0A62 /* test1Tests.swift in Sources */,
			);
			runOnlyForDeploymentPostprocessing = 0;
		};
		BAE222F11E56F0A9001E0A62 /* Sources */ = {
			isa = PBXSourcesBuildPhase;
			buildActionMask = 2147483647;
			files = (
				BAE222FA1E56F0A9001E0A62 /* test1UITests.swift in Sources */,
			);
			runOnlyForDeploymentPostprocessing = 0;
		};
/* End PBXSourcesBuildPhase section */

/* Begin PBXTargetDependency section */
		BAE222EC1E56F0A9001E0A62 /* PBXTargetDependency */ = {
			isa = PBXTargetDependency;
			target = BAE222D51E56F0A9001E0A62 /* test1 */;
			targetProxy = BAE222EB1E56F0A9001E0A62 /* PBXContainerItemProxy */;
		};
		BAE222F71E56F0A9001E0A62 /* PBXTargetDependency */ = {
			isa = PBXTargetDependency;
			target = BAE222D51E56F0A9001E0A62 /* test1 */;
			targetProxy = BAE222F61E56F0A9001E0A62 /* PBXContainerItemProxy */;
		};
/* End PBXTargetDependency section */

/* Begin PBXVariantGroup section */
		BAE222DD1E56F0A9001E0A62 /* Main.storyboard */ = {
			isa = PBXVariantGroup;
			children = (
				BAE222DE1E56F0A9001E0A62 /* Base */,
			);
			name = Main.storyboard;
			sourceTree = "<group>";
		};
		BAE222E21E56F0A9001E0A62 /* LaunchScreen.storyboard */ = {
			isa = PBXVariantGroup;
			children = (
				BAE222E31E56F0A9001E0A62 /* Base */,
			);
			name = LaunchScreen.storyboard;
			sourceTree = "<group>";
		};
/* End PBXVariantGroup section */

/* Begin XCBuildConfiguration section */
		BAE222FC1E56F0A9001E0A62 /* Debug */ = {
			isa = XCBuildConfiguration;
			buildSettings = {
				ALWAYS_SEARCH_USER_PATHS = NO;
				CLANG_ANALYZER_NONNULL = YES;
				CLANG_CXX_LANGUAGE_STANDARD = "gnu++0x";
				CLANG_CXX_LIBRARY = "libc++";
				CLANG_ENABLE_MODULES = YES;
				CLANG_ENABLE_OBJC_ARC = YES;
				CLANG_WARN_BOOL_CONVERSION = YES;
				CLANG_WARN_CONSTANT_CONVERSION = YES;
				CLANG_WARN_DIRECT_OBJC_ISA_USAGE = YES_ERROR;
				CLANG_WARN_DOCUMENTATION_COMMENTS = YES;
				CLANG_WARN_EMPTY_BODY = YES;
				CLANG_WARN_ENUM_CONVERSION = YES;
				CLANG_WARN_INFINITE_RECURSION = YES;
				CLANG_WARN_INT_CONVERSION = YES;
				CLANG_WARN_OBJC_ROOT_CLASS = YES_ERROR;
				CLANG_WARN_SUSPICIOUS_MOVE = YES;
				CLANG_WARN_UNREACHABLE_CODE = YES;
				CLANG_WARN__DUPLICATE_METHOD_MATCH = YES;
				"CODE_SIGN_IDENTITY[sdk=iphoneos*]" = "iPhone Developer";
				COPY_PHASE_STRIP = NO;
				DEBUG_INFORMATION_FORMAT = dwarf;
				ENABLE_STRICT_OBJC_MSGSEND = YES;
				ENABLE_TESTABILITY = YES;
				GCC_C_LANGUAGE_STANDARD = gnu99;
				GCC_DYNAMIC_NO_PIC = NO;
				GCC_NO_COMMON_BLOCKS = YES;
				GCC_OPTIMIZATION_LEVEL = 0;
				GCC_PREPROCESSOR_DEFINITIONS = (
					"DEBUG=1",
					"$(inherited)",
				);
				GCC_WARN_64_TO_32_BIT_CONVERSION = YES;
				GCC_WARN_ABOUT_RETURN_TYPE = YES_ERROR;
				GCC_WARN_UNDECLARED_SELECTOR = YES;
				GCC_WARN_UNINITIALIZED_AUTOS = YES_AGGRESSIVE;
				GCC_WARN_UNUSED_FUNCTION = YES;
				GCC_WARN_UNUSED_VARIABLE = YES;
				IPHONEOS_DEPLOYMENT_TARGET = 10.2;
				MTL_ENABLE_DEBUG_INFO = YES;
				ONLY_ACTIVE_ARCH = YES;
				SDKROOT = iphoneos;
				SWIFT_ACTIVE_COMPILATION_CONDITIONS = DEBUG;
				SWIFT_OPTIMIZATION_LEVEL = "-Onone";
				TARGETED_DEVICE_FAMILY = "1,2";
			};
			name = Debug;
		};
		BAE222FD1E56F0A9001E0A62 /* Release */ = {
			isa = XCBuildConfiguration;
			buildSettings = {
				ALWAYS_SEARCH_USER_PATHS = NO;
				CLANG_ANALYZER_NONNULL = YES;
				CLANG_CXX_LANGUAGE_STANDARD = "gnu++0x";
				CLANG_CXX_LIBRARY = "libc++";
				CLANG_ENABLE_MODULES = YES;
				CLANG_ENABLE_OBJC_ARC = YES;
				CLANG_WARN_BOOL_CONVERSION = YES;
				CLANG_WARN_CONSTANT_CONVERSION = YES;
				CLANG_WARN_DIRECT_OBJC_ISA_USAGE = YES_ERROR;
				CLANG_WARN_DOCUMENTATION_COMMENTS = YES;
				CLANG_WARN_EMPTY_BODY = YES;
				CLANG_WARN_ENUM_CONVERSION = YES;
				CLANG_WARN_INFINITE_RECURSION = YES;
				CLANG_WARN_INT_CONVERSION = YES;
				CLANG_WARN_OBJC_ROOT_CLASS = YES_ERROR;
				CLANG_WARN_SUSPICIOUS_MOVE = YES;
				CLANG_WARN_UNREACHABLE_CODE = YES;
				CLANG_WARN__DUPLICATE_METHOD_MATCH = YES;
				"CODE_SIGN_IDENTITY[sdk=iphoneos*]" = "iPhone Developer";
				COPY_PHASE_STRIP = NO;
				DEBUG_INFORMATION_FORMAT = "dwarf-with-dsym";
				ENABLE_NS_ASSERTIONS = NO;
				ENABLE_STRICT_OBJC_MSGSEND = YES;
				GCC_C_LANGUAGE_STANDARD = gnu99;
				GCC_NO_COMMON_BLOCKS = YES;
				GCC_WARN_64_TO_32_BIT_CONVERSION = YES;
				GCC_WARN_ABOUT_RETURN_TYPE = YES_ERROR;
				GCC_WARN_UNDECLARED_SELECTOR = YES;
				GCC_WARN_UNINITIALIZED_AUTOS = YES_AGGRESSIVE;
				GCC_WARN_UNUSED_FUNCTION = YES;
				GCC_WARN_UNUSED_VARIABLE = YES;
				IPHONEOS_DEPLOYMENT_TARGET = 10.2;
				MTL_ENABLE_DEBUG_INFO = NO;
				SDKROOT = iphoneos;
				SWIFT_OPTIMIZATION_LEVEL = "-Owholemodule";
				TARGETED_DEVICE_FAMILY = "1,2";
				VALIDATE_PRODUCT = YES;
			};
			name = Release;
		};
		BAE222FF1E56F0A9001E0A62 /* Debug */ = {
			isa = XCBuildConfiguration;
			buildSettings = {
				ASSETCATALOG_COMPILER_APPICON_NAME = AppIcon;
				INFOPLIST_FILE = test1/Info.plist;
				LD_RUNPATH_SEARCH_PATHS = "$(inherited) @executable_path/Frameworks";
				PRODUCT_BUNDLE_IDENTIFIER = p1.test1;
				PRODUCT_NAME = "$(TARGET_NAME)";
				SWIFT_VERSION = 3.0;
			};
			name = Debug;
		};
		BAE223001E56F0A9001E0A62 /* Release */ = {
			isa = XCBuildConfiguration;
			buildSettings = {
				ASSETCATALOG_COMPILER_APPICON_NAME = AppIcon;
				INFOPLIST_FILE = test1/Info.plist;
				LD_RUNPATH_SEARCH_PATHS = "$(inherited) @executable_path/Frameworks";
				PRODUCT_BUNDLE_IDENTIFIER = p1.test1;
				PRODUCT_NAME = "$(TARGET_NAME)";
				SWIFT_VERSION = 3.0;
			};
			name = Release;
		};
		BAE223021E56F0A9001E0A62 /* Debug */ = {
			isa = XCBuildConfiguration;
			buildSettings = {
				ALWAYS_EMBED_SWIFT_STANDARD_LIBRARIES = YES;
				BUNDLE_LOADER = "$(TEST_HOST)";
				INFOPLIST_FILE = test1Tests/Info.plist;
				LD_RUNPATH_SEARCH_PATHS = "$(inherited) @executable_path/Frameworks @loader_path/Frameworks";
				PRODUCT_BUNDLE_IDENTIFIER = p1.test1Tests;
				PRODUCT_NAME = "$(TARGET_NAME)";
				SWIFT_VERSION = 3.0;
				TEST_HOST = "$(BUILT_PRODUCTS_DIR)/test1.app/test1";
			};
			name = Debug;
		};
		BAE223031E56F0A9001E0A62 /* Release */ = {
			isa = XCBuildConfiguration;
			buildSettings = {
				ALWAYS_EMBED_SWIFT_STANDARD_LIBRARIES = YES;
				BUNDLE_LOADER = "$(TEST_HOST)";
				INFOPLIST_FILE = test1Tests/Info.plist;
				LD_RUNPATH_SEARCH_PATHS = "$(inherited) @executable_path/Frameworks @loader_path/Frameworks";
				PRODUCT_BUNDLE_IDENTIFIER = p1.test1Tests;
				PRODUCT_NAME = "$(TARGET_NAME)";
				SWIFT_VERSION = 3.0;
				TEST_HOST = "$(BUILT_PRODUCTS_DIR)/test1.app/test1";
			};
			name = Release;
		};
		BAE223051E56F0A9001E0A62 /* Debug */ = {
			isa = XCBuildConfiguration;
			buildSettings = {
				ALWAYS_EMBED_SWIFT_STANDARD_LIBRARIES = YES;
				INFOPLIST_FILE = test1UITests/Info.plist;
				LD_RUNPATH_SEARCH_PATHS = "$(inherited) @executable_path/Frameworks @loader_path/Frameworks";
				PRODUCT_BUNDLE_IDENTIFIER = p1.test1UITests;
				PRODUCT_NAME = "$(TARGET_NAME)";
				SWIFT_VERSION = 3.0;
				TEST_TARGET_NAME = test1;
			};
			name = Debug;
		};
		BAE223061E56F0A9001E0A62 /* Release */ = {
			isa = XCBuildConfiguration;
			buildSettings = {
				ALWAYS_EMBED_SWIFT_STANDARD_LIBRARIES = YES;
				INFOPLIST_FILE = test1UITests/Info.plist;
				LD_RUNPATH_SEARCH_PATHS = "$(inherited) @executable_path/Frameworks @loader_path/Frameworks";
				PRODUCT_BUNDLE_IDENTIFIER = p1.test1UITests;
				PRODUCT_NAME = "$(TARGET_NAME)";
				SWIFT_VERSION = 3.0;
				TEST_TARGET_NAME = test1;
			};
			name = Release;
		};
/* End XCBuildConfiguration section */

/* Begin XCConfigurationList section */
		BAE222D11E56F0A9001E0A62 /* Build configuration list for PBXProject "test1" */ = {
			isa = XCConfigurationList;
			buildConfigurations = (
				BAE222FC1E56F0A9001E0A62 /* Debug */,
				BAE222FD1E56F0A9001E0A62 /* Release */,
			);
			defaultConfigurationIsVisible = 0;
			defaultConfigurationName = Release;
		};
		BAE222FE1E56F0A9001E0A62 /* Build configuration list for PBXNativeTarget "test1" */ = {
			isa = XCConfigurationList;
			buildConfigurations = (
				BAE222FF1E56F0A9001E0A62 /* Debug */,
				BAE223001E56F0A9001E0A62 /* Release */,
			);
			defaultConfigurationIsVisible = 0;
		};
		BAE223011E56F0A9001E0A62 /* Build configuration list for PBXNativeTarget "test1Tests" */ = {
			isa = XCConfigurationList;
			buildConfigurations = (
				BAE223021E56F0A9001E0A62 /* Debug */,
				BAE223031E56F0A9001E0A62 /* Release */,
			);
			defaultConfigurationIsVisible = 0;
		};
		BAE223041E56F0A9001E0A62 /* Build configuration list for PBXNativeTarget "test1UITests" */ = {
			isa = XCConfigurationList;
			buildConfigurations = (
				BAE223051E56F0A9001E0A62 /* Debug */,
				BAE223061E56F0A9001E0A62 /* Release */,
			);
			defaultConfigurationIsVisible = 0;
		};
/* End XCConfigurationList section */
	};
	rootObject = BAE222CE1E56F0A9001E0A62 /* Project object */;
}
